
Microsoft Visual Studio Solution File, Format Version 12.00
# Visual Studio 15
VisualStudioVersion = 15.0.28307.1169
MinimumVisualStudioVersion = 10.0.40219.1
Project("{8BC9CEB8-8B4A-11D0-8D11-00A0C91BC942}") = "红黑树", "红黑树\红黑树.vcxproj", "{F7CC6513-7DF6-4EA7-9510-8A4E81AAFE37}"
EndProject
Global
	GlobalSection(SolutionConfigurationPlatforms) = preSolution
		Debug|x64 = Debug|x64
		Debug|x86 = Debug|x86
		Release|x64 = Release|x64
		Release|x86 = Release|x86
	EndGlobalSection
	GlobalSection(ProjectConfigurationPlatforms) = postSolution
		{F7CC6513-7DF6-4EA7-9510-8A4E81AAFE37}.Debug|x64.ActiveCfg = Debug|x64
		{F7CC6513-7DF6-4EA7-9510-8A4E81AAFE37}.Debug|x64.Build.0 = Debug|x64
		{F7CC6513-7DF6-4EA7-9510-8A4E81AAFE37}.Debug|x86.ActiveCfg = Debug|Win32
		{F7CC6513-7DF6-4EA7-9510-8A4E81AAFE37}.Debug|x86.Build.0 = Debug|Win32
		{F7CC6513-7DF6-4EA7-9510-8A4E81AAFE37}.Release|x64.ActiveCfg = Release|x64
		{F7CC6513-7DF6-4EA7-9510-8A4E81AAFE37}.Release|x64.Build.0 = Release|x64
		{F7CC6513-7DF6-4EA7-9510-8A4E81AAFE37}.Release|x86.ActiveCfg = Release|Win32
		{F7CC6513-7DF6-4EA7-9510-8A4E81AAFE37}.Release|x86.Build.0 = Release|Win32
	EndGlobalSection
	GlobalSection(SolutionProperties) = preSolution
		HideSolutionNode = FALSE
	EndGlobalSection
	GlobalSection(ExtensibilityGlobals) = postSolution
		SolutionGuid = {D7E1E536-78D2-4AB8-98EF-5BF6A0BA652F}
	EndGlobalSection
EndGlobal
